
Microsoft Visual Studio Solution File, Format Version 12.00
# Visual Studio Version 17
VisualStudioVersion = 17.10.34916.146
MinimumVisualStudioVersion = 10.0.40219.1
Project("{FAE04EC0-301F-11D3-BF4B-00C04F79EFBC}") = "Farmácia_C#", "Farmácia_C#\Farmácia_C#.csproj", "{C86BA7B3-E37C-40CF-A0C7-C9B4A068520F}"
EndProject
Global
	GlobalSection(SolutionConfigurationPlatforms) = preSolution
		Debug|Any CPU = Debug|Any CPU
		Release|Any CPU = Release|Any CPU
	EndGlobalSection
	GlobalSection(ProjectConfigurationPlatforms) = postSolution
		{C86BA7B3-E37C-40CF-A0C7-C9B4A068520F}.Debug|Any CPU.ActiveCfg = Debug|Any CPU
		{C86BA7B3-E37C-40CF-A0C7-C9B4A068520F}.Debug|Any CPU.Build.0 = Debug|Any CPU
		{C86BA7B3-E37C-40CF-A0C7-C9B4A068520F}.Release|Any CPU.ActiveCfg = Release|Any CPU
		{C86BA7B3-E37C-40CF-A0C7-C9B4A068520F}.Release|Any CPU.Build.0 = Release|Any CPU
	EndGlobalSection
	GlobalSection(SolutionProperties) = preSolution
		HideSolutionNode = FALSE
	EndGlobalSection
	GlobalSection(ExtensibilityGlobals) = postSolution
		SolutionGuid = {36E1D53A-8AD7-4E0D-A6CC-793492043FA5}
	EndGlobalSection
EndGlobal
